// !$*UTF8*$!
{
	archiveVersion = 1;
	classes = {
	};
	objectVersion = 50;
	objects = {

/* Begin PBXBuildFile section */
		7D85695226DD4193008182C5 /* AfricaApp.swift in Sources */ = {isa = PBXBuildFile; fileRef = 7D85695126DD4193008182C5 /* AfricaApp.swift */; };
		7D85695426DD4193008182C5 /* ContentView.swift in Sources */ = {isa = PBXBuildFile; fileRef = 7D85695326DD4193008182C5 /* ContentView.swift */; };
		7D85695626DD4197008182C5 /* Assets.xcassets in Resources */ = {isa = PBXBuildFile; fileRef = 7D85695526DD4197008182C5 /* Assets.xcassets */; };
		7D85695926DD4197008182C5 /* Preview Assets.xcassets in Resources */ = {isa = PBXBuildFile; fileRef = 7D85695826DD4197008182C5 /* Preview Assets.xcassets */; };
		7D85696B26DD4685008182C5 /* giraffe.mp4 in Resources */ = {isa = PBXBuildFile; fileRef = 7D85696126DD4682008182C5 /* giraffe.mp4 */; };
		7D85696C26DD4685008182C5 /* gorilla.mp4 in Resources */ = {isa = PBXBuildFile; fileRef = 7D85696226DD4682008182C5 /* gorilla.mp4 */; };
		7D85696D26DD4685008182C5 /* cheetah.mp4 in Resources */ = {isa = PBXBuildFile; fileRef = 7D85696326DD4683008182C5 /* cheetah.mp4 */; };
		7D85696E26DD4685008182C5 /* rhino.mp4 in Resources */ = {isa = PBXBuildFile; fileRef = 7D85696426DD4683008182C5 /* rhino.mp4 */; };
		7D85696F26DD4685008182C5 /* ostrich.mp4 in Resources */ = {isa = PBXBuildFile; fileRef = 7D85696526DD4683008182C5 /* ostrich.mp4 */; };
		7D85697026DD4685008182C5 /* elephant.mp4 in Resources */ = {isa = PBXBuildFile; fileRef = 7D85696626DD4684008182C5 /* elephant.mp4 */; };
		7D85697126DD4685008182C5 /* hippo.mp4 in Resources */ = {isa = PBXBuildFile; fileRef = 7D85696726DD4684008182C5 /* hippo.mp4 */; };
		7D85697226DD4685008182C5 /* lion.mp4 in Resources */ = {isa = PBXBuildFile; fileRef = 7D85696826DD4684008182C5 /* lion.mp4 */; };
		7D85697326DD4685008182C5 /* lioness.mp4 in Resources */ = {isa = PBXBuildFile; fileRef = 7D85696926DD4684008182C5 /* lioness.mp4 */; };
		7D85697426DD4685008182C5 /* zebra.mp4 in Resources */ = {isa = PBXBuildFile; fileRef = 7D85696A26DD4685008182C5 /* zebra.mp4 */; };
		7D85697A26DD4820008182C5 /* animals.json in Resources */ = {isa = PBXBuildFile; fileRef = 7D85697626DD4820008182C5 /* animals.json */; };
		7D85697B26DD4820008182C5 /* covers.json in Resources */ = {isa = PBXBuildFile; fileRef = 7D85697726DD4820008182C5 /* covers.json */; };
		7D85697C26DD4820008182C5 /* videos.json in Resources */ = {isa = PBXBuildFile; fileRef = 7D85697826DD4820008182C5 /* videos.json */; };
		7D85697D26DD4820008182C5 /* locations.json in Resources */ = {isa = PBXBuildFile; fileRef = 7D85697926DD4820008182C5 /* locations.json */; };
		7D85698026DD4D19008182C5 /* VideoListView.swift in Sources */ = {isa = PBXBuildFile; fileRef = 7D85697F26DD4D19008182C5 /* VideoListView.swift */; };
		7D85698226DD4D3C008182C5 /* MapView.swift in Sources */ = {isa = PBXBuildFile; fileRef = 7D85698126DD4D3C008182C5 /* MapView.swift */; };
		7D85698426DD4D5D008182C5 /* GalleryView.swift in Sources */ = {isa = PBXBuildFile; fileRef = 7D85698326DD4D5D008182C5 /* GalleryView.swift */; };
		7D85698626DD4D7A008182C5 /* MainView.swift in Sources */ = {isa = PBXBuildFile; fileRef = 7D85698526DD4D7A008182C5 /* MainView.swift */; };
		7D85698926DE8977008182C5 /* CoverImageView.swift in Sources */ = {isa = PBXBuildFile; fileRef = 7D85698826DE8977008182C5 /* CoverImageView.swift */; };
		7D85698C26DE932D008182C5 /* CoverImageModel.swift in Sources */ = {isa = PBXBuildFile; fileRef = 7D85698B26DE932D008182C5 /* CoverImageModel.swift */; };
		7D85698F26DE94EA008182C5 /* CodableBundleExtension.swift in Sources */ = {isa = PBXBuildFile; fileRef = 7D85698E26DE94EA008182C5 /* CodableBundleExtension.swift */; };
		7D85699226EA6B12008182C5 /* AnimalListItemView.swift in Sources */ = {isa = PBXBuildFile; fileRef = 7D85699126EA6B12008182C5 /* AnimalListItemView.swift */; };
		7D85699426EA7135008182C5 /* AnimalModel.swift in Sources */ = {isa = PBXBuildFile; fileRef = 7D85699326EA7135008182C5 /* AnimalModel.swift */; };
		7D85699626EE5590008182C5 /* AnimalDetailView.swift in Sources */ = {isa = PBXBuildFile; fileRef = 7D85699526EE5590008182C5 /* AnimalDetailView.swift */; };
		7D85699826EE5BBC008182C5 /* HeadingView.swift in Sources */ = {isa = PBXBuildFile; fileRef = 7D85699726EE5BBC008182C5 /* HeadingView.swift */; };
		7D85699A26EE607E008182C5 /* InsetGalleryView.swift in Sources */ = {isa = PBXBuildFile; fileRef = 7D85699926EE607E008182C5 /* InsetGalleryView.swift */; };
		7D85699C26EFAFC0008182C5 /* InsetFactView.swift in Sources */ = {isa = PBXBuildFile; fileRef = 7D85699B26EFAFC0008182C5 /* InsetFactView.swift */; };
		7D85699E26EFB7BA008182C5 /* InsetMapView.swift in Sources */ = {isa = PBXBuildFile; fileRef = 7D85699D26EFB7BA008182C5 /* InsetMapView.swift */; };
		7D8569A026EFC470008182C5 /* ExtrnalWeblinkView.swift in Sources */ = {isa = PBXBuildFile; fileRef = 7D85699F26EFC470008182C5 /* ExtrnalWeblinkView.swift */; };
		7D8569A326F10A5C008182C5 /* VideoModel.swift in Sources */ = {isa = PBXBuildFile; fileRef = 7D8569A226F10A5C008182C5 /* VideoModel.swift */; };
		7D8569A726F10B61008182C5 /* VideoListItemView.swift in Sources */ = {isa = PBXBuildFile; fileRef = 7D8569A626F10B61008182C5 /* VideoListItemView.swift */; };
/* End PBXBuildFile section */

/* Begin PBXFileReference section */
		7D85694E26DD4193008182C5 /* Africa.app */ = {isa = PBXFileReference; explicitFileType = wrapper.application; includeInIndex = 0; path = Africa.app; sourceTree = BUILT_PRODUCTS_DIR; };
		7D85695126DD4193008182C5 /* AfricaApp.swift */ = {isa = PBXFileReference; lastKnownFileType = sourcecode.swift; path = AfricaApp.swift; sourceTree = "<group>"; };
		7D85695326DD4193008182C5 /* ContentView.swift */ = {isa = PBXFileReference; lastKnownFileType = sourcecode.swift; path = ContentView.swift; sourceTree = "<group>"; };
		7D85695526DD4197008182C5 /* Assets.xcassets */ = {isa = PBXFileReference; lastKnownFileType = folder.assetcatalog; path = Assets.xcassets; sourceTree = "<group>"; };
		7D85695826DD4197008182C5 /* Preview Assets.xcassets */ = {isa = PBXFileReference; lastKnownFileType = folder.assetcatalog; path = "Preview Assets.xcassets"; sourceTree = "<group>"; };
		7D85695A26DD4197008182C5 /* Info.plist */ = {isa = PBXFileReference; lastKnownFileType = text.plist.xml; path = Info.plist; sourceTree = "<group>"; };
		7D85696126DD4682008182C5 /* giraffe.mp4 */ = {isa = PBXFileReference; lastKnownFileType = file; path = giraffe.mp4; sourceTree = "<group>"; };
		7D85696226DD4682008182C5 /* gorilla.mp4 */ = {isa = PBXFileReference; lastKnownFileType = file; path = gorilla.mp4; sourceTree = "<group>"; };
		7D85696326DD4683008182C5 /* cheetah.mp4 */ = {isa = PBXFileReference; lastKnownFileType = file; path = cheetah.mp4; sourceTree = "<group>"; };
		7D85696426DD4683008182C5 /* rhino.mp4 */ = {isa = PBXFileReference; lastKnownFileType = file; path = rhino.mp4; sourceTree = "<group>"; };
		7D85696526DD4683008182C5 /* ostrich.mp4 */ = {isa = PBXFileReference; lastKnownFileType = file; path = ostrich.mp4; sourceTree = "<group>"; };
		7D85696626DD4684008182C5 /* elephant.mp4 */ = {isa = PBXFileReference; lastKnownFileType = file; path = elephant.mp4; sourceTree = "<group>"; };
		7D85696726DD4684008182C5 /* hippo.mp4 */ = {isa = PBXFileReference; lastKnownFileType = file; path = hippo.mp4; sourceTree = "<group>"; };
		7D85696826DD4684008182C5 /* lion.mp4 */ = {isa = PBXFileReference; lastKnownFileType = file; path = lion.mp4; sourceTree = "<group>"; };
		7D85696926DD4684008182C5 /* lioness.mp4 */ = {isa = PBXFileReference; lastKnownFileType = file; path = lioness.mp4; sourceTree = "<group>"; };
		7D85696A26DD4685008182C5 /* zebra.mp4 */ = {isa = PBXFileReference; lastKnownFileType = file; path = zebra.mp4; sourceTree = "<group>"; };
		7D85697626DD4820008182C5 /* animals.json */ = {isa = PBXFileReference; fileEncoding = 4; lastKnownFileType = text.json; path = animals.json; sourceTree = "<group>"; };
		7D85697726DD4820008182C5 /* covers.json */ = {isa = PBXFileReference; fileEncoding = 4; lastKnownFileType = text.json; path = covers.json; sourceTree = "<group>"; };
		7D85697826DD4820008182C5 /* videos.json */ = {isa = PBXFileReference; fileEncoding = 4; lastKnownFileType = text.json; path = videos.json; sourceTree = "<group>"; };
		7D85697926DD4820008182C5 /* locations.json */ = {isa = PBXFileReference; fileEncoding = 4; lastKnownFileType = text.json; path = locations.json; sourceTree = "<group>"; };
		7D85697F26DD4D19008182C5 /* VideoListView.swift */ = {isa = PBXFileReference; lastKnownFileType = sourcecode.swift; path = VideoListView.swift; sourceTree = "<group>"; };
		7D85698126DD4D3C008182C5 /* MapView.swift */ = {isa = PBXFileReference; lastKnownFileType = sourcecode.swift; path = MapView.swift; sourceTree = "<group>"; };
		7D85698326DD4D5D008182C5 /* GalleryView.swift */ = {isa = PBXFileReference; lastKnownFileType = sourcecode.swift; path = GalleryView.swift; sourceTree = "<group>"; };
		7D85698526DD4D7A008182C5 /* MainView.swift */ = {isa = PBXFileReference; lastKnownFileType = sourcecode.swift; path = MainView.swift; sourceTree = "<group>"; };
		7D85698826DE8977008182C5 /* CoverImageView.swift */ = {isa = PBXFileReference; lastKnownFileType = sourcecode.swift; path = CoverImageView.swift; sourceTree = "<group>"; };
		7D85698B26DE932D008182C5 /* CoverImageModel.swift */ = {isa = PBXFileReference; lastKnownFileType = sourcecode.swift; path = CoverImageModel.swift; sourceTree = "<group>"; };
		7D85698E26DE94EA008182C5 /* CodableBundleExtension.swift */ = {isa = PBXFileReference; lastKnownFileType = sourcecode.swift; path = CodableBundleExtension.swift; sourceTree = "<group>"; };
		7D85699126EA6B12008182C5 /* AnimalListItemView.swift */ = {isa = PBXFileReference; lastKnownFileType = sourcecode.swift; path = AnimalListItemView.swift; sourceTree = "<group>"; };
		7D85699326EA7135008182C5 /* AnimalModel.swift */ = {isa = PBXFileReference; lastKnownFileType = sourcecode.swift; path = AnimalModel.swift; sourceTree = "<group>"; };
		7D85699526EE5590008182C5 /* AnimalDetailView.swift */ = {isa = PBXFileReference; lastKnownFileType = sourcecode.swift; path = AnimalDetailView.swift; sourceTree = "<group>"; };
		7D85699726EE5BBC008182C5 /* HeadingView.swift */ = {isa = PBXFileReference; lastKnownFileType = sourcecode.swift; path = HeadingView.swift; sourceTree = "<group>"; };
		7D85699926EE607E008182C5 /* InsetGalleryView.swift */ = {isa = PBXFileReference; lastKnownFileType = sourcecode.swift; path = InsetGalleryView.swift; sourceTree = "<group>"; };
		7D85699B26EFAFC0008182C5 /* InsetFactView.swift */ = {isa = PBXFileReference; lastKnownFileType = sourcecode.swift; path = InsetFactView.swift; sourceTree = "<group>"; };
		7D85699D26EFB7BA008182C5 /* InsetMapView.swift */ = {isa = PBXFileReference; lastKnownFileType = sourcecode.swift; path = InsetMapView.swift; sourceTree = "<group>"; };
		7D85699F26EFC470008182C5 /* ExtrnalWeblinkView.swift */ = {isa = PBXFileReference; lastKnownFileType = sourcecode.swift; path = ExtrnalWeblinkView.swift; sourceTree = "<group>"; };
		7D8569A226F10A5C008182C5 /* VideoModel.swift */ = {isa = PBXFileReference; lastKnownFileType = sourcecode.swift; path = VideoModel.swift; sourceTree = "<group>"; };
		7D8569A626F10B61008182C5 /* VideoListItemView.swift */ = {isa = PBXFileReference; lastKnownFileType = sourcecode.swift; path = VideoListItemView.swift; sourceTree = "<group>"; };
/* End PBXFileReference section */

/* Begin PBXFrameworksBuildPhase section */
		7D85694B26DD4193008182C5 /* Frameworks */ = {
			isa = PBXFrameworksBuildPhase;
			buildActionMask = 2147483647;
			files = (
			);
			runOnlyForDeploymentPostprocessing = 0;
		};
/* End PBXFrameworksBuildPhase section */

/* Begin PBXGroup section */
		7D85694526DD4193008182C5 = {
			isa = PBXGroup;
			children = (
				7D85695026DD4193008182C5 /* Africa */,
				7D85694F26DD4193008182C5 /* Products */,
			);
			sourceTree = "<group>";
		};
		7D85694F26DD4193008182C5 /* Products */ = {
			isa = PBXGroup;
			children = (
				7D85694E26DD4193008182C5 /* Africa.app */,
			);
			name = Products;
			sourceTree = "<group>";
		};
		7D85695026DD4193008182C5 /* Africa */ = {
			isa = PBXGroup;
			children = (
				7D85698D26DE94B0008182C5 /* Extension */,
				7D85698A26DE92F9008182C5 /* Model */,
				7D85698726DE8952008182C5 /* View */,
				7D85697526DD47E8008182C5 /* Data */,
				7D85696026DD4633008182C5 /* Video */,
				7D85697E26DD4B76008182C5 /* App */,
				7D85695526DD4197008182C5 /* Assets.xcassets */,
				7D85695A26DD4197008182C5 /* Info.plist */,
				7D85695726DD4197008182C5 /* Preview Content */,
			);
			path = Africa;
			sourceTree = "<group>";
		};
		7D85695726DD4197008182C5 /* Preview Content */ = {
			isa = PBXGroup;
			children = (
				7D85695826DD4197008182C5 /* Preview Assets.xcassets */,
			);
			path = "Preview Content";
			sourceTree = "<group>";
		};
		7D85696026DD4633008182C5 /* Video */ = {
			isa = PBXGroup;
			children = (
				7D85696326DD4683008182C5 /* cheetah.mp4 */,
				7D85696626DD4684008182C5 /* elephant.mp4 */,
				7D85696126DD4682008182C5 /* giraffe.mp4 */,
				7D85696226DD4682008182C5 /* gorilla.mp4 */,
				7D85696726DD4684008182C5 /* hippo.mp4 */,
				7D85696826DD4684008182C5 /* lion.mp4 */,
				7D85696926DD4684008182C5 /* lioness.mp4 */,
				7D85696526DD4683008182C5 /* ostrich.mp4 */,
				7D85696426DD4683008182C5 /* rhino.mp4 */,
				7D85696A26DD4685008182C5 /* zebra.mp4 */,
			);
			path = Video;
			sourceTree = "<group>";
		};
		7D85697526DD47E8008182C5 /* Data */ = {
			isa = PBXGroup;
			children = (
				7D85697626DD4820008182C5 /* animals.json */,
				7D85697726DD4820008182C5 /* covers.json */,
				7D85697926DD4820008182C5 /* locations.json */,
				7D85697826DD4820008182C5 /* videos.json */,
			);
			path = Data;
			sourceTree = "<group>";
		};
		7D85697E26DD4B76008182C5 /* App */ = {
			isa = PBXGroup;
			children = (
				7D85695326DD4193008182C5 /* ContentView.swift */,
				7D85695126DD4193008182C5 /* AfricaApp.swift */,
				7D85697F26DD4D19008182C5 /* VideoListView.swift */,
				7D85698126DD4D3C008182C5 /* MapView.swift */,
				7D85698326DD4D5D008182C5 /* GalleryView.swift */,
				7D85698526DD4D7A008182C5 /* MainView.swift */,
			);
			path = App;
			sourceTree = "<group>";
		};
		7D85698726DE8952008182C5 /* View */ = {
			isa = PBXGroup;
			children = (
				7D85698826DE8977008182C5 /* CoverImageView.swift */,
				7D85699126EA6B12008182C5 /* AnimalListItemView.swift */,
				7D85699526EE5590008182C5 /* AnimalDetailView.swift */,
				7D85699726EE5BBC008182C5 /* HeadingView.swift */,
				7D85699926EE607E008182C5 /* InsetGalleryView.swift */,
				7D85699B26EFAFC0008182C5 /* InsetFactView.swift */,
				7D85699D26EFB7BA008182C5 /* InsetMapView.swift */,
				7D85699F26EFC470008182C5 /* ExtrnalWeblinkView.swift */,
				7D8569A626F10B61008182C5 /* VideoListItemView.swift */,
			);
			path = View;
			sourceTree = "<group>";
		};
		7D85698A26DE92F9008182C5 /* Model */ = {
			isa = PBXGroup;
			children = (
				7D85698B26DE932D008182C5 /* CoverImageModel.swift */,
				7D85699326EA7135008182C5 /* AnimalModel.swift */,
				7D8569A226F10A5C008182C5 /* VideoModel.swift */,
			);
			path = Model;
			sourceTree = "<group>";
		};
		7D85698D26DE94B0008182C5 /* Extension */ = {
			isa = PBXGroup;
			children = (
				7D85698E26DE94EA008182C5 /* CodableBundleExtension.swift */,
			);
			path = Extension;
			sourceTree = "<group>";
		};
/* End PBXGroup section */

/* Begin PBXNativeTarget section */
		7D85694D26DD4193008182C5 /* Africa */ = {
			isa = PBXNativeTarget;
			buildConfigurationList = 7D85695D26DD4197008182C5 /* Build configuration list for PBXNativeTarget "Africa" */;
			buildPhases = (
				7D85694A26DD4193008182C5 /* Sources */,
				7D85694B26DD4193008182C5 /* Frameworks */,
				7D85694C26DD4193008182C5 /* Resources */,
			);
			buildRules = (
			);
			dependencies = (
			);
			name = Africa;
			productName = Africa;
			productReference = 7D85694E26DD4193008182C5 /* Africa.app */;
			productType = "com.apple.product-type.application";
		};
/* End PBXNativeTarget section */

/* Begin PBXProject section */
		7D85694626DD4193008182C5 /* Project object */ = {
			isa = PBXProject;
			attributes = {
				LastSwiftUpdateCheck = 1250;
				LastUpgradeCheck = 1250;
				TargetAttributes = {
					7D85694D26DD4193008182C5 = {
						CreatedOnToolsVersion = 12.5.1;
					};
				};
			};
			buildConfigurationList = 7D85694926DD4193008182C5 /* Build configuration list for PBXProject "Africa" */;
			compatibilityVersion = "Xcode 9.3";
			developmentRegion = en;
			hasScannedForEncodings = 0;
			knownRegions = (
				en,
				Base,
			);
			mainGroup = 7D85694526DD4193008182C5;
			productRefGroup = 7D85694F26DD4193008182C5 /* Products */;
			projectDirPath = "";
			projectRoot = "";
			targets = (
				7D85694D26DD4193008182C5 /* Africa */,
			);
		};
/* End PBXProject section */

/* Begin PBXResourcesBuildPhase section */
		7D85694C26DD4193008182C5 /* Resources */ = {
			isa = PBXResourcesBuildPhase;
			buildActionMask = 2147483647;
			files = (
				7D85696E26DD4685008182C5 /* rhino.mp4 in Resources */,
				7D85697326DD4685008182C5 /* lioness.mp4 in Resources */,
				7D85697D26DD4820008182C5 /* locations.json in Resources */,
				7D85697C26DD4820008182C5 /* videos.json in Resources */,
				7D85697126DD4685008182C5 /* hippo.mp4 in Resources */,
				7D85696F26DD4685008182C5 /* ostrich.mp4 in Resources */,
				7D85697426DD4685008182C5 /* zebra.mp4 in Resources */,
				7D85697226DD4685008182C5 /* lion.mp4 in Resources */,
				7D85696C26DD4685008182C5 /* gorilla.mp4 in Resources */,
				7D85697B26DD4820008182C5 /* covers.json in Resources */,
				7D85697A26DD4820008182C5 /* animals.json in Resources */,
				7D85696D26DD4685008182C5 /* cheetah.mp4 in Resources */,
				7D85697026DD4685008182C5 /* elephant.mp4 in Resources */,
				7D85695926DD4197008182C5 /* Preview Assets.xcassets in Resources */,
				7D85695626DD4197008182C5 /* Assets.xcassets in Resources */,
				7D85696B26DD4685008182C5 /* giraffe.mp4 in Resources */,
			);
			runOnlyForDeploymentPostprocessing = 0;
		};
/* End PBXResourcesBuildPhase section */

/* Begin PBXSourcesBuildPhase section */
		7D85694A26DD4193008182C5 /* Sources */ = {
			isa = PBXSourcesBuildPhase;
			buildActionMask = 2147483647;
			files = (
				7D85695426DD4193008182C5 /* ContentView.swift in Sources */,
				7D85699226EA6B12008182C5 /* AnimalListItemView.swift in Sources */,
				7D85698626DD4D7A008182C5 /* MainView.swift in Sources */,
				7D85699C26EFAFC0008182C5 /* InsetFactView.swift in Sources */,
				7D85698926DE8977008182C5 /* CoverImageView.swift in Sources */,
				7D85698C26DE932D008182C5 /* CoverImageModel.swift in Sources */,
				7D85699626EE5590008182C5 /* AnimalDetailView.swift in Sources */,
				7D85699426EA7135008182C5 /* AnimalModel.swift in Sources */,
				7D85698226DD4D3C008182C5 /* MapView.swift in Sources */,
				7D85699E26EFB7BA008182C5 /* InsetMapView.swift in Sources */,
				7D85695226DD4193008182C5 /* AfricaApp.swift in Sources */,
				7D85698026DD4D19008182C5 /* VideoListView.swift in Sources */,
				7D85698426DD4D5D008182C5 /* GalleryView.swift in Sources */,
				7D8569A326F10A5C008182C5 /* VideoModel.swift in Sources */,
				7D85699A26EE607E008182C5 /* InsetGalleryView.swift in Sources */,
				7D85698F26DE94EA008182C5 /* CodableBundleExtension.swift in Sources */,
				7D8569A726F10B61008182C5 /* VideoListItemView.swift in Sources */,
				7D8569A026EFC470008182C5 /* ExtrnalWeblinkView.swift in Sources */,
				7D85699826EE5BBC008182C5 /* HeadingView.swift in Sources */,
			);
			runOnlyForDeploymentPostprocessing = 0;
		};
/* End PBXSourcesBuildPhase section */

/* Begin XCBuildConfiguration section */
		7D85695B26DD4197008182C5 /* Debug */ = {
			isa = XCBuildConfiguration;
			buildSettings = {
				ALWAYS_SEARCH_USER_PATHS = NO;
				CLANG_ANALYZER_NONNULL = YES;
				CLANG_ANALYZER_NUMBER_OBJECT_CONVERSION = YES_AGGRESSIVE;
				CLANG_CXX_LANGUAGE_STANDARD = "gnu++14";
				CLANG_CXX_LIBRARY = "libc++";
				CLANG_ENABLE_MODULES = YES;
				CLANG_ENABLE_OBJC_ARC = YES;
				CLANG_ENABLE_OBJC_WEAK = YES;
				CLANG_WARN_BLOCK_CAPTURE_AUTORELEASING = YES;
				CLANG_WARN_BOOL_CONVERSION = YES;
				CLANG_WARN_COMMA = YES;
				CLANG_WARN_CONSTANT_CONVERSION = YES;
				CLANG_WARN_DEPRECATED_OBJC_IMPLEMENTATIONS = YES;
				CLANG_WARN_DIRECT_OBJC_ISA_USAGE = YES_ERROR;
				CLANG_WARN_DOCUMENTATION_COMMENTS = YES;
				CLANG_WARN_EMPTY_BODY = YES;
				CLANG_WARN_ENUM_CONVERSION = YES;
				CLANG_WARN_INFINITE_RECURSION = YES;
				CLANG_WARN_INT_CONVERSION = YES;
				CLANG_WARN_NON_LITERAL_NULL_CONVERSION = YES;
				CLANG_WARN_OBJC_IMPLICIT_RETAIN_SELF = YES;
				CLANG_WARN_OBJC_LITERAL_CONVERSION = YES;
				CLANG_WARN_OBJC_ROOT_CLASS = YES_ERROR;
				CLANG_WARN_QUOTED_INCLUDE_IN_FRAMEWORK_HEADER = YES;
				CLANG_WARN_RANGE_LOOP_ANALYSIS = YES;
				CLANG_WARN_STRICT_PROTOTYPES = YES;
				CLANG_WARN_SUSPICIOUS_MOVE = YES;
				CLANG_WARN_UNGUARDED_AVAILABILITY = YES_AGGRESSIVE;
				CLANG_WARN_UNREACHABLE_CODE = YES;
				CLANG_WARN__DUPLICATE_METHOD_MATCH = YES;
				COPY_PHASE_STRIP = NO;
				DEBUG_INFORMATION_FORMAT = dwarf;
				ENABLE_STRICT_OBJC_MSGSEND = YES;
				ENABLE_TESTABILITY = YES;
				GCC_C_LANGUAGE_STANDARD = gnu11;
				GCC_DYNAMIC_NO_PIC = NO;
				GCC_NO_COMMON_BLOCKS = YES;
				GCC_OPTIMIZATION_LEVEL = 0;
				GCC_PREPROCESSOR_DEFINITIONS = (
					"DEBUG=1",
					"$(inherited)",
				);
				GCC_WARN_64_TO_32_BIT_CONVERSION = YES;
				GCC_WARN_ABOUT_RETURN_TYPE = YES_ERROR;
				GCC_WARN_UNDECLARED_SELECTOR = YES;
				GCC_WARN_UNINITIALIZED_AUTOS = YES_AGGRESSIVE;
				GCC_WARN_UNUSED_FUNCTION = YES;
				GCC_WARN_UNUSED_VARIABLE = YES;
				IPHONEOS_DEPLOYMENT_TARGET = 14.5;
				MTL_ENABLE_DEBUG_INFO = INCLUDE_SOURCE;
				MTL_FAST_MATH = YES;
				ONLY_ACTIVE_ARCH = YES;
				SDKROOT = iphoneos;
				SWIFT_ACTIVE_COMPILATION_CONDITIONS = DEBUG;
				SWIFT_OPTIMIZATION_LEVEL = "-Onone";
			};
			name = Debug;
		};
		7D85695C26DD4197008182C5 /* Release */ = {
			isa = XCBuildConfiguration;
			buildSettings = {
				ALWAYS_SEARCH_USER_PATHS = NO;
				CLANG_ANALYZER_NONNULL = YES;
				CLANG_ANALYZER_NUMBER_OBJECT_CONVERSION = YES_AGGRESSIVE;
				CLANG_CXX_LANGUAGE_STANDARD = "gnu++14";
				CLANG_CXX_LIBRARY = "libc++";
				CLANG_ENABLE_MODULES = YES;
				CLANG_ENABLE_OBJC_ARC = YES;
				CLANG_ENABLE_OBJC_WEAK = YES;
				CLANG_WARN_BLOCK_CAPTURE_AUTORELEASING = YES;
				CLANG_WARN_BOOL_CONVERSION = YES;
				CLANG_WARN_COMMA = YES;
				CLANG_WARN_CONSTANT_CONVERSION = YES;
				CLANG_WARN_DEPRECATED_OBJC_IMPLEMENTATIONS = YES;
				CLANG_WARN_DIRECT_OBJC_ISA_USAGE = YES_ERROR;
				CLANG_WARN_DOCUMENTATION_COMMENTS = YES;
				CLANG_WARN_EMPTY_BODY = YES;
				CLANG_WARN_ENUM_CONVERSION = YES;
				CLANG_WARN_INFINITE_RECURSION = YES;
				CLANG_WARN_INT_CONVERSION = YES;
				CLANG_WARN_NON_LITERAL_NULL_CONVERSION = YES;
				CLANG_WARN_OBJC_IMPLICIT_RETAIN_SELF = YES;
				CLANG_WARN_OBJC_LITERAL_CONVERSION = YES;
				CLANG_WARN_OBJC_ROOT_CLASS = YES_ERROR;
				CLANG_WARN_QUOTED_INCLUDE_IN_FRAMEWORK_HEADER = YES;
				CLANG_WARN_RANGE_LOOP_ANALYSIS = YES;
				CLANG_WARN_STRICT_PROTOTYPES = YES;
				CLANG_WARN_SUSPICIOUS_MOVE = YES;
				CLANG_WARN_UNGUARDED_AVAILABILITY = YES_AGGRESSIVE;
				CLANG_WARN_UNREACHABLE_CODE = YES;
				CLANG_WARN__DUPLICATE_METHOD_MATCH = YES;
				COPY_PHASE_STRIP = NO;
				DEBUG_INFORMATION_FORMAT = "dwarf-with-dsym";
				ENABLE_NS_ASSERTIONS = NO;
				ENABLE_STRICT_OBJC_MSGSEND = YES;
				GCC_C_LANGUAGE_STANDARD = gnu11;
				GCC_NO_COMMON_BLOCKS = YES;
				GCC_WARN_64_TO_32_BIT_CONVERSION = YES;
				GCC_WARN_ABOUT_RETURN_TYPE = YES_ERROR;
				GCC_WARN_UNDECLARED_SELECTOR = YES;
				GCC_WARN_UNINITIALIZED_AUTOS = YES_AGGRESSIVE;
				GCC_WARN_UNUSED_FUNCTION = YES;
				GCC_WARN_UNUSED_VARIABLE = YES;
				IPHONEOS_DEPLOYMENT_TARGET = 14.5;
				MTL_ENABLE_DEBUG_INFO = NO;
				MTL_FAST_MATH = YES;
				SDKROOT = iphoneos;
				SWIFT_COMPILATION_MODE = wholemodule;
				SWIFT_OPTIMIZATION_LEVEL = "-O";
				VALIDATE_PRODUCT = YES;
			};
			name = Release;
		};
		7D85695E26DD4197008182C5 /* Debug */ = {
			isa = XCBuildConfiguration;
			buildSettings = {
				ASSETCATALOG_COMPILER_APPICON_NAME = AppIcon;
				ASSETCATALOG_COMPILER_GLOBAL_ACCENT_COLOR_NAME = AccentColor;
				CODE_SIGN_STYLE = Automatic;
				DEVELOPMENT_ASSET_PATHS = "\"Africa/Preview Content\"";
				DEVELOPMENT_TEAM = 72LYX5328F;
				ENABLE_PREVIEWS = YES;
				INFOPLIST_FILE = Africa/Info.plist;
				IPHONEOS_DEPLOYMENT_TARGET = 14.0;
				LD_RUNPATH_SEARCH_PATHS = (
					"$(inherited)",
					"@executable_path/Frameworks",
				);
				PRODUCT_BUNDLE_IDENTIFIER = vnshiryaev.Africa;
				PRODUCT_NAME = "$(TARGET_NAME)";
				SWIFT_VERSION = 5.0;
				TARGETED_DEVICE_FAMILY = "1,2";
			};
			name = Debug;
		};
		7D85695F26DD4197008182C5 /* Release */ = {
			isa = XCBuildConfiguration;
			buildSettings = {
				ASSETCATALOG_COMPILER_APPICON_NAME = AppIcon;
				ASSETCATALOG_COMPILER_GLOBAL_ACCENT_COLOR_NAME = AccentColor;
				CODE_SIGN_STYLE = Automatic;
				DEVELOPMENT_ASSET_PATHS = "\"Africa/Preview Content\"";
				DEVELOPMENT_TEAM = 72LYX5328F;
				ENABLE_PREVIEWS = YES;
				INFOPLIST_FILE = Africa/Info.plist;
				IPHONEOS_DEPLOYMENT_TARGET = 14.0;
				LD_RUNPATH_SEARCH_PATHS = (
					"$(inherited)",
					"@executable_path/Frameworks",
				);
				PRODUCT_BUNDLE_IDENTIFIER = vnshiryaev.Africa;
				PRODUCT_NAME = "$(TARGET_NAME)";
				SWIFT_VERSION = 5.0;
				TARGETED_DEVICE_FAMILY = "1,2";
			};
			name = Release;
		};
/* End XCBuildConfiguration section */

/* Begin XCConfigurationList section */
		7D85694926DD4193008182C5 /* Build configuration list for PBXProject "Africa" */ = {
			isa = XCConfigurationList;
			buildConfigurations = (
				7D85695B26DD4197008182C5 /* Debug */,
				7D85695C26DD4197008182C5 /* Release */,
			);
			defaultConfigurationIsVisible = 0;
			defaultConfigurationName = Release;
		};
		7D85695D26DD4197008182C5 /* Build configuration list for PBXNativeTarget "Africa" */ = {
			isa = XCConfigurationList;
			buildConfigurations = (
				7D85695E26DD4197008182C5 /* Debug */,
				7D85695F26DD4197008182C5 /* Release */,
			);
			defaultConfigurationIsVisible = 0;
			defaultConfigurationName = Release;
		};
/* End XCConfigurationList section */
	};
	rootObject = 7D85694626DD4193008182C5 /* Project object */;
}
